
Microsoft Visual Studio Solution File, Format Version 12.00
# Visual Studio 2012
Project("{FAE04EC0-301F-11D3-BF4B-00C04F79EFBC}") = "FPGA_Assembler", "FPGA_Assembler\FPGA_Assembler.csproj", "{89586FE4-3DCE-4119-8093-85486A81CCCC}"
EndProject
Global
	GlobalSection(SolutionConfigurationPlatforms) = preSolution
		Debug|Any CPU = Debug|Any CPU
		Release|Any CPU = Release|Any CPU
	EndGlobalSection
	GlobalSection(ProjectConfigurationPlatforms) = postSolution
		{89586FE4-3DCE-4119-8093-85486A81CCCC}.Debug|Any CPU.ActiveCfg = Debug|Any CPU
		{89586FE4-3DCE-4119-8093-85486A81CCCC}.Debug|Any CPU.Build.0 = Debug|Any CPU
		{89586FE4-3DCE-4119-8093-85486A81CCCC}.Release|Any CPU.ActiveCfg = Release|Any CPU
		{89586FE4-3DCE-4119-8093-85486A81CCCC}.Release|Any CPU.Build.0 = Release|Any CPU
	EndGlobalSection
	GlobalSection(SolutionProperties) = preSolution
		HideSolutionNode = FALSE
	EndGlobalSection
EndGlobal
